
Microsoft Visual Studio Solution File, Format Version 12.00
# Visual Studio Version 16
VisualStudioVersion = 16.0.31729.503
MinimumVisualStudioVersion = 10.0.40219.1
Project("{FAE04EC0-301F-11D3-BF4B-00C04F79EFBC}") = "Task 5", "Task 5\Task 5.csproj", "{56799869-4BC6-4C5C-8A4C-94D10B8161A5}"
EndProject
Global
	GlobalSection(SolutionConfigurationPlatforms) = preSolution
		Debug|Any CPU = Debug|Any CPU
		Release|Any CPU = Release|Any CPU
	EndGlobalSection
	GlobalSection(ProjectConfigurationPlatforms) = postSolution
		{56799869-4BC6-4C5C-8A4C-94D10B8161A5}.Debug|Any CPU.ActiveCfg = Debug|Any CPU
		{56799869-4BC6-4C5C-8A4C-94D10B8161A5}.Debug|Any CPU.Build.0 = Debug|Any CPU
		{56799869-4BC6-4C5C-8A4C-94D10B8161A5}.Release|Any CPU.ActiveCfg = Release|Any CPU
		{56799869-4BC6-4C5C-8A4C-94D10B8161A5}.Release|Any CPU.Build.0 = Release|Any CPU
	EndGlobalSection
	GlobalSection(SolutionProperties) = preSolution
		HideSolutionNode = FALSE
	EndGlobalSection
	GlobalSection(ExtensibilityGlobals) = postSolution
		SolutionGuid = {53722614-43C2-4854-8054-8558030E319D}
	EndGlobalSection
EndGlobal
